{
  "name": "@cutepilot/tsconfig",
  "version": "1.0.3",
  "lockfileVersion": 2,
  "requires": true,
  "packages": {
    "": {
      "name": "@cutepilot/tsconfig",
      "version": "1.0.3",
      "license": "MIT",
      "engines": {
        "node": ">=16",
        "npm": "^8.1.0"
      }
    }
  }
}