{
    "name": "@cutepilot/tsconfig",
    "version": "1.0.3",
    "lockfileVersion": 2,
    "requires": true,
    "packages": {
        "": {
            "name": "@cutepilot/tsconfig",
            "version": "1.0.3",
            "license": "SEE LICENSE IN LICENSE",
            "engines": {
                "node": ">=12",
                "npm": "^8.1.0"
            }
        }
    }
}
